
Microsoft Visual Studio Solution File, Format Version 11.00
# Visual Studio 2010
Project("{8BC9CEB8-8B4A-11D0-8D11-00A0C91BC942}") = "task2", "task2.vcxproj", "{651AF076-CE62-4068-B348-C908015FE624}"
EndProject
Global
	GlobalSection(SolutionConfigurationPlatforms) = preSolution
		Debug|Win32 = Debug|Win32
		Release|Win32 = Release|Win32
	EndGlobalSection
	GlobalSection(ProjectConfigurationPlatforms) = postSolution
		{651AF076-CE62-4068-B348-C908015FE624}.Debug|Win32.ActiveCfg = Debug|Win32
		{651AF076-CE62-4068-B348-C908015FE624}.Debug|Win32.Build.0 = Debug|Win32
		{651AF076-CE62-4068-B348-C908015FE624}.Release|Win32.ActiveCfg = Release|Win32
		{651AF076-CE62-4068-B348-C908015FE624}.Release|Win32.Build.0 = Release|Win32
	EndGlobalSection
	GlobalSection(SolutionProperties) = preSolution
		HideSolutionNode = FALSE
	EndGlobalSection
EndGlobal
