
Microsoft Visual Studio Solution File, Format Version 11.00
# Visual Studio 2010
Project("{8BC9CEB8-8B4A-11D0-8D11-00A0C91BC942}") = "task7", "task7\task7.vcxproj", "{5E06E7AE-EF6C-4789-8AD1-4B603E79151C}"
EndProject
Global
	GlobalSection(SolutionConfigurationPlatforms) = preSolution
		Debug|Win32 = Debug|Win32
		Release|Win32 = Release|Win32
	EndGlobalSection
	GlobalSection(ProjectConfigurationPlatforms) = postSolution
		{5E06E7AE-EF6C-4789-8AD1-4B603E79151C}.Debug|Win32.ActiveCfg = Debug|Win32
		{5E06E7AE-EF6C-4789-8AD1-4B603E79151C}.Debug|Win32.Build.0 = Debug|Win32
		{5E06E7AE-EF6C-4789-8AD1-4B603E79151C}.Release|Win32.ActiveCfg = Release|Win32
		{5E06E7AE-EF6C-4789-8AD1-4B603E79151C}.Release|Win32.Build.0 = Release|Win32
	EndGlobalSection
	GlobalSection(SolutionProperties) = preSolution
		HideSolutionNode = FALSE
	EndGlobalSection
EndGlobal
