
Microsoft Visual Studio Solution File, Format Version 11.00
# Visual Studio 2010
Project("{8BC9CEB8-8B4A-11D0-8D11-00A0C91BC942}") = "task5", "task5.vcxproj", "{1577DC83-B315-4052-8308-C856AA081D98}"
EndProject
Global
	GlobalSection(SolutionConfigurationPlatforms) = preSolution
		Debug|Win32 = Debug|Win32
		Release|Win32 = Release|Win32
	EndGlobalSection
	GlobalSection(ProjectConfigurationPlatforms) = postSolution
		{1577DC83-B315-4052-8308-C856AA081D98}.Debug|Win32.ActiveCfg = Debug|Win32
		{1577DC83-B315-4052-8308-C856AA081D98}.Debug|Win32.Build.0 = Debug|Win32
		{1577DC83-B315-4052-8308-C856AA081D98}.Release|Win32.ActiveCfg = Release|Win32
		{1577DC83-B315-4052-8308-C856AA081D98}.Release|Win32.Build.0 = Release|Win32
	EndGlobalSection
	GlobalSection(SolutionProperties) = preSolution
		HideSolutionNode = FALSE
	EndGlobalSection
EndGlobal
